
Microsoft Visual Studio Solution File, Format Version 12.00
# Visual Studio 15
VisualStudioVersion = 15.0.27130.2036
MinimumVisualStudioVersion = 10.0.40219.1
Project("{FAE04EC0-301F-11D3-BF4B-00C04F79EFBC}") = "Server", "Server\Server.csproj", "{541DFC8D-CF4A-4426-B10E-845802BC1621}"
EndProject
Project("{FAE04EC0-301F-11D3-BF4B-00C04F79EFBC}") = "Client", "Client\Client.csproj", "{E529F9CB-CFFB-4BCB-8198-CA993EB67075}"
EndProject
Project("{FAE04EC0-301F-11D3-BF4B-00C04F79EFBC}") = "Common", "Common\Common.csproj", "{2506F410-083F-4C58-8B3D-76488D0548FB}"
EndProject
Project("{FAE04EC0-301F-11D3-BF4B-00C04F79EFBC}") = "Domain", "Domain\Domain.csproj", "{7B3F2ABD-A25F-4D91-9C9F-4352A0CB9A04}"
EndProject
Project("{FAE04EC0-301F-11D3-BF4B-00C04F79EFBC}") = "Controller", "Controller\Controller.csproj", "{DA00D8BC-930C-4256-B894-A1B96EE659A7}"
EndProject
Project("{FAE04EC0-301F-11D3-BF4B-00C04F79EFBC}") = "DatabaseBroker", "DatabaseBroker\DatabaseBroker.csproj", "{E1DCC7CD-DDF9-4AFB-B4AB-C4CF52093290}"
EndProject
Global
	GlobalSection(SolutionConfigurationPlatforms) = preSolution
		Debug|Any CPU = Debug|Any CPU
		Release|Any CPU = Release|Any CPU
	EndGlobalSection
	GlobalSection(ProjectConfigurationPlatforms) = postSolution
		{541DFC8D-CF4A-4426-B10E-845802BC1621}.Debug|Any CPU.ActiveCfg = Debug|Any CPU
		{541DFC8D-CF4A-4426-B10E-845802BC1621}.Debug|Any CPU.Build.0 = Debug|Any CPU
		{541DFC8D-CF4A-4426-B10E-845802BC1621}.Release|Any CPU.ActiveCfg = Release|Any CPU
		{541DFC8D-CF4A-4426-B10E-845802BC1621}.Release|Any CPU.Build.0 = Release|Any CPU
		{E529F9CB-CFFB-4BCB-8198-CA993EB67075}.Debug|Any CPU.ActiveCfg = Debug|Any CPU
		{E529F9CB-CFFB-4BCB-8198-CA993EB67075}.Debug|Any CPU.Build.0 = Debug|Any CPU
		{E529F9CB-CFFB-4BCB-8198-CA993EB67075}.Release|Any CPU.ActiveCfg = Release|Any CPU
		{E529F9CB-CFFB-4BCB-8198-CA993EB67075}.Release|Any CPU.Build.0 = Release|Any CPU
		{2506F410-083F-4C58-8B3D-76488D0548FB}.Debug|Any CPU.ActiveCfg = Debug|Any CPU
		{2506F410-083F-4C58-8B3D-76488D0548FB}.Debug|Any CPU.Build.0 = Debug|Any CPU
		{2506F410-083F-4C58-8B3D-76488D0548FB}.Release|Any CPU.ActiveCfg = Release|Any CPU
		{2506F410-083F-4C58-8B3D-76488D0548FB}.Release|Any CPU.Build.0 = Release|Any CPU
		{7B3F2ABD-A25F-4D91-9C9F-4352A0CB9A04}.Debug|Any CPU.ActiveCfg = Debug|Any CPU
		{7B3F2ABD-A25F-4D91-9C9F-4352A0CB9A04}.Debug|Any CPU.Build.0 = Debug|Any CPU
		{7B3F2ABD-A25F-4D91-9C9F-4352A0CB9A04}.Release|Any CPU.ActiveCfg = Release|Any CPU
		{7B3F2ABD-A25F-4D91-9C9F-4352A0CB9A04}.Release|Any CPU.Build.0 = Release|Any CPU
		{DA00D8BC-930C-4256-B894-A1B96EE659A7}.Debug|Any CPU.ActiveCfg = Debug|Any CPU
		{DA00D8BC-930C-4256-B894-A1B96EE659A7}.Debug|Any CPU.Build.0 = Debug|Any CPU
		{DA00D8BC-930C-4256-B894-A1B96EE659A7}.Release|Any CPU.ActiveCfg = Release|Any CPU
		{DA00D8BC-930C-4256-B894-A1B96EE659A7}.Release|Any CPU.Build.0 = Release|Any CPU
		{E1DCC7CD-DDF9-4AFB-B4AB-C4CF52093290}.Debug|Any CPU.ActiveCfg = Debug|Any CPU
		{E1DCC7CD-DDF9-4AFB-B4AB-C4CF52093290}.Debug|Any CPU.Build.0 = Debug|Any CPU
		{E1DCC7CD-DDF9-4AFB-B4AB-C4CF52093290}.Release|Any CPU.ActiveCfg = Release|Any CPU
		{E1DCC7CD-DDF9-4AFB-B4AB-C4CF52093290}.Release|Any CPU.Build.0 = Release|Any CPU
	EndGlobalSection
	GlobalSection(SolutionProperties) = preSolution
		HideSolutionNode = FALSE
	EndGlobalSection
	GlobalSection(ExtensibilityGlobals) = postSolution
		SolutionGuid = {D829196D-F0CD-455C-81FA-9FC1919DF876}
	EndGlobalSection
EndGlobal
